Microsoft Visual Studio Solution File, Format Version 12.00
# Visual Studio Version 17
VisualStudioVersion = 17.5.2.0
MinimumVisualStudioVersion = 10.0.40219.1
Project("{FAE04EC0-301F-11D3-BF4B-00C04F79EFBC}") = "MyAtasIndicator", "MyAtasIndicator.csproj", "{95C9E147-4707-828B-8D2E-F423B9DDF5B9}"
EndProject
Global
	GlobalSection(SolutionConfigurationPlatforms) = preSolution
		Debug|Any CPU = Debug|Any CPU
		Release|Any CPU = Release|Any CPU
	EndGlobalSection
	GlobalSection(ProjectConfigurationPlatforms) = postSolution
		{95C9E147-4707-828B-8D2E-F423B9DDF5B9}.Debug|Any CPU.ActiveCfg = Debug|Any CPU
		{95C9E147-4707-828B-8D2E-F423B9DDF5B9}.Debug|Any CPU.Build.0 = Debug|Any CPU
		{95C9E147-4707-828B-8D2E-F423B9DDF5B9}.Release|Any CPU.ActiveCfg = Release|Any CPU
		{95C9E147-4707-828B-8D2E-F423B9DDF5B9}.Release|Any CPU.Build.0 = Release|Any CPU
	EndGlobalSection
	GlobalSection(SolutionProperties) = preSolution
		HideSolutionNode = FALSE
	EndGlobalSection
	GlobalSection(ExtensibilityGlobals) = postSolution
		SolutionGuid = {51B85E66-81AA-49F1-91FB-5D42F2861B96}
	EndGlobalSection
EndGlobal
